{
  "version": 4,
  "terraform_version": "1.3.9",
  "serial": 27,
  "lineage": "89ca7d4b-8512-c1d5-f31d-29e510c41f5f",
  "outputs": {},
  "resources": [
    {
      "mode": "managed",
      "type": "google_compute_network",
      "name": "vpc-google-network",
      "provider": "provider[\"registry.terraform.io/hashicorp/google\"]",
      "instances": [
        {
          "schema_version": 0,
          "attributes": {
            "auto_create_subnetworks": false,
            "delete_default_routes_on_create": false,
            "description": "",
            "enable_ula_internal_ipv6": false,
            "gateway_ipv4": "",
            "id": "projects/aya-ibrahim79632/global/networks/network",
            "internal_ipv6_range": "",
            "mtu": 0,
            "name": "network",
            "project": "aya-ibrahim79632",
            "routing_mode": "REGIONAL",
            "self_link": "https://www.googleapis.com/compute/v1/projects/aya-ibrahim79632/global/networks/network",
            "timeouts": null
          },
          "sensitive_attributes": [],
          "private": "eyJlMmJmYjczMC1lY2FhLTExZTYtOGY4OC0zNDM2M2JjN2M0YzAiOnsiY3JlYXRlIjoxMjAwMDAwMDAwMDAwLCJkZWxldGUiOjEyMDAwMDAwMDAwMDAsInVwZGF0ZSI6MTIwMDAwMDAwMDAwMH19"
        }
      ]
    },
    {
      "mode": "managed",
      "type": "google_compute_subnetwork",
      "name": "restricted-subnetwork",
      "provider": "provider[\"registry.terraform.io/hashicorp/google\"]",
      "instances": [
        {
          "schema_version": 0,
          "attributes": {
            "creation_timestamp": "2023-02-18T15:35:03.590-08:00",
            "description": "",
            "external_ipv6_prefix": "",
            "fingerprint": null,
            "gateway_address": "10.0.1.1",
            "id": "projects/aya-ibrahim79632/regions/asia-east1/subnetworks/restricted-subnetwork",
            "ip_cidr_range": "10.0.1.0/24",
            "ipv6_access_type": "",
            "ipv6_cidr_range": "",
            "log_config": [],
            "name": "restricted-subnetwork",
            "network": "https://www.googleapis.com/compute/v1/projects/aya-ibrahim79632/global/networks/network",
            "private_ip_google_access": true,
            "private_ipv6_google_access": "DISABLE_GOOGLE_ACCESS",
            "project": "aya-ibrahim79632",
            "purpose": "PRIVATE",
            "region": "asia-east1",
            "role": "",
            "secondary_ip_range": [
              {
                "ip_cidr_range": "10.0.4.0/24",
                "range_name": "secondary-ip-range"
              },
              {
                "ip_cidr_range": "10.220.0.0/14",
                "range_name": "gke-my-gk-cluster-pods-5065cee1"
              },
              {
                "ip_cidr_range": "10.224.0.0/20",
                "range_name": "gke-my-gk-cluster-services-5065cee1"
              }
            ],
            "self_link": "https://www.googleapis.com/compute/v1/projects/aya-ibrahim79632/regions/asia-east1/subnetworks/restricted-subnetwork",
            "stack_type": "IPV4_ONLY",
            "timeouts": null
          },
          "sensitive_attributes": [],
          "private": "eyJlMmJmYjczMC1lY2FhLTExZTYtOGY4OC0zNDM2M2JjN2M0YzAiOnsiY3JlYXRlIjoxMjAwMDAwMDAwMDAwLCJkZWxldGUiOjEyMDAwMDAwMDAwMDAsInVwZGF0ZSI6MTIwMDAwMDAwMDAwMH19",
          "dependencies": [
            "google_compute_network.vpc-google-network"
          ]
        }
      ]
    },
    {
      "mode": "managed",
      "type": "google_container_cluster",
      "name": "my-gk-cluster",
      "provider": "provider[\"registry.terraform.io/hashicorp/google\"]",
      "instances": [
        {
          "schema_version": 1,
          "attributes": {
            "addons_config": [
              {
                "cloudrun_config": [],
                "config_connector_config": [],
                "dns_cache_config": [],
                "gce_persistent_disk_csi_driver_config": [
                  {
                    "enabled": true
                  }
                ],
                "gcp_filestore_csi_driver_config": [],
                "gke_backup_agent_config": [],
                "horizontal_pod_autoscaling": [],
                "http_load_balancing": [],
                "network_policy_config": [
                  {
                    "disabled": false
                  }
                ]
              }
            ],
            "authenticator_groups_config": [],
            "binary_authorization": [
              {
                "enabled": false,
                "evaluation_mode": ""
              }
            ],
            "cluster_autoscaling": [
              {
                "auto_provisioning_defaults": [],
                "enabled": false,
                "resource_limits": []
              }
            ],
            "cluster_ipv4_cidr": "10.220.0.0/14",
            "confidential_nodes": [],
            "cost_management_config": [],
            "database_encryption": [
              {
                "key_name": "",
                "state": "DECRYPTED"
              }
            ],
            "datapath_provider": "",
            "default_max_pods_per_node": 110,
            "default_snat_status": [
              {
                "disabled": false
              }
            ],
            "description": "",
            "dns_config": [],
            "enable_autopilot": false,
            "enable_binary_authorization": false,
            "enable_intranode_visibility": false,
            "enable_kubernetes_alpha": false,
            "enable_l4_ilb_subsetting": false,
            "enable_legacy_abac": false,
            "enable_shielded_nodes": true,
            "enable_tpu": false,
            "endpoint": "172.16.0.2",
            "gateway_api_config": [],
            "id": "projects/aya-ibrahim79632/locations/asia-east1-a/clusters/my-gk-cluster",
            "initial_node_count": 1,
            "ip_allocation_policy": [
              {
                "cluster_ipv4_cidr_block": "10.220.0.0/14",
                "cluster_secondary_range_name": "gke-my-gk-cluster-pods-5065cee1",
                "services_ipv4_cidr_block": "10.224.0.0/20",
                "services_secondary_range_name": "gke-my-gk-cluster-services-5065cee1"
              }
            ],
            "label_fingerprint": "a9dc16a7",
            "location": "asia-east1-a",
            "logging_config": [
              {
                "enable_components": [
                  "SYSTEM_COMPONENTS",
                  "WORKLOADS"
                ]
              }
            ],
            "logging_service": "logging.googleapis.com/kubernetes",
            "maintenance_policy": [],
            "master_auth": [
              {
                "client_certificate": "",
                "client_certificate_config": [
                  {
                    "issue_client_certificate": false
                  }
                ],
                "client_key": "",
                "cluster_ca_certificate": "LS0tLS1CRUdJTiBDRVJUSUZJQ0FURS0tLS0tCk1JSUVMVENDQXBXZ0F3SUJBZ0lSQUowVkRIOGw4NDBodTZic3ZEc0pncWt3RFFZSktvWklodmNOQVFFTEJRQXcKTHpFdE1Dc0dBMVVFQXhNa09USmpOVEpoTkdZdE16RmpZUzAwWlRoa0xXRXpNVGd0T1RRNU9ESXpZbU13TkRneQpNQ0FYRFRJek1ESXhPREl5TXpVME1Wb1lEekl3TlRNd01qRXdNak16TlRReFdqQXZNUzB3S3dZRFZRUURFeVE1Ck1tTTFNbUUwWmkwek1XTmhMVFJsT0dRdFlUTXhPQzA1TkRrNE1qTmlZekEwT0RJd2dnR2lNQTBHQ1NxR1NJYjMKRFFFQkFRVUFBNElCandBd2dnR0tBb0lCZ1FEQm9NYUJ2K1dsZC9WckFrQ0QyYWtHaHY2SitjTC9QYWZxV2hyVQpNUUxwdkN3WFdCTXo0Q1NackRaSURRdkk0SVdiYnkvNHNLbGo5bG1YaFEyVG84MS80T3dydlkyekpuZFdXUUNMCnJZMFpwY1dPWW9rYXZnRXlkTDBMcHpOeVRGL0dXb002TTd4b1E0TUZHVkIzam8rVnRvYmJMcXp5VFU1Z3ROVkcKcm9BeUVPSWliQ1F4b0REd29wbDUrdHB1bG84Q2h5S0tzQ1AzaUhwVGlvSlN3MVpPTGd3cTZSeFdzY0doYzY0NgpwT2ZKZWNEZExxUTlnVWRoaldZZVNNaXh5T0dpdEE0b1BRcjlhaUhnSTNha3daWEVnQ3NiUjdtMlMvRTJ4d3VUCkVUU3BkTkk5Q3NqZUdQTjlDSm94ZkVaSWFuL2VmNXNJQ3VGR295TTMrNGNOWEFsaU42OFkyOGNDUXdLSUt4RDYKMEcrVlZhS2ZEVXhGRElyRVcyTFFjOWxlemxyRjBhdUt4WVlBcHhjMDhGN1RvZmhQbExxbEYvaWdBODM1YXp5WQpLTU5xc3A4WFhOWXhZbm5sdDNYTGJsNWdlY21aRUlGUXBrMlF5dXFsbVJPdER3UWlxWDhhQ2NmS3VtTE01UDVRCkhpbURSTU5GR1UrNTVkcTlHaFBydExCalY0TUNBd0VBQWFOQ01FQXdEZ1lEVlIwUEFRSC9CQVFEQWdJRU1BOEcKQTFVZEV3RUIvd1FGTUFNQkFmOHdIUVlEVlIwT0JCWUVGR3JqWEdRNFErSmVtUXpZWmY3bXYyS1lRZm9ETUEwRwpDU3FHU0liM0RRRUJDd1VBQTRJQmdRQkJ6bTFrKytQV3hvNHF2emIwa1gvUCtoRnl1ck1LMzhKL0pybHFRT3c4CmJCK1RyRnFMRlNnUUxMSTFBVHV6d203UCtQdzhMbHBqY3lKWGdHSVNNakVFZVU3aCtIaEdhTFBRSWQxS3U2SEIKSjRlV0dVVmlRVXpoSlhjSVlZdHhOZ29aQk15TFVWWDkvYmhPSENGcS9YdzF4KzdOem9SU0M2cFZYbjFzMWJtawprV3BycVREVjlvZFJxenl1cTZqUENhZGdza1hrNU9pMElqVklSQmJOWDFZcVo5dUZiVEhiYjBPUUhSdnpBQ285ClB3YjE2WXorbEdZdjNGMzBUMnhBRXhvSmx4dlQzRW1DenczY3NmNXBuWldocHArUmhrSW9kYk85R29PSmR5RVkKemdYVjZZbmQ4MVEzekRyQUJlRExWbWVlMjZmODhOVEFzbHpkdkVoc1ZvWGVkSkVyYXdyVmt2cy8yREY3QW5kagpyUEU1a1dUd0xZM3dMSHpEV0s2RURFU2tOZCtuUUNDdVgvTzhsNzNSR29OOVlJSjJFSWprc2YwZjBWaUplUlJyCm9KQk1RUVRnekFLbjdJZkp4ajdod0hnUC9rSVR3SWhtVDdIN0dURHF5VktxVFdhQ2lwKzhmMGZuZDZ6ZjZhcHAKQ0RBc0dvSE4wc2g0eU1zVkh3ckZjSGM9Ci0tLS0tRU5EIENFUlRJRklDQVRFLS0tLS0K"
              }
            ],
            "master_authorized_networks_config": [
              {
                "cidr_blocks": [
                  {
                    "cidr_block": "10.0.0.0/24",
                    "display_name": "manged-subnet"
                  }
                ],
                "gcp_public_cidrs_access_enabled": false
              }
            ],
            "master_version": "1.24.9-gke.2000",
            "mesh_certificates": [],
            "min_master_version": null,
            "monitoring_config": [
              {
                "enable_components": [
                  "SYSTEM_COMPONENTS"
                ],
                "managed_prometheus": []
              }
            ],
            "monitoring_service": "monitoring.googleapis.com/kubernetes",
            "name": "my-gk-cluster",
            "network": "projects/aya-ibrahim79632/global/networks/network",
            "network_policy": [
              {
                "enabled": true,
                "provider": ""
              }
            ],
            "networking_mode": "VPC_NATIVE",
            "node_config": [
              {
                "boot_disk_kms_key": "",
                "disk_size_gb": 100,
                "disk_type": "pd-balanced",
                "gcfs_config": [],
                "guest_accelerator": [],
                "gvnic": [],
                "image_type": "COS_CONTAINERD",
                "kubelet_config": [],
                "labels": {},
                "linux_node_config": [],
                "local_ssd_count": 0,
                "logging_variant": "DEFAULT",
                "machine_type": "e2-medium",
                "metadata": {
                  "disable-legacy-endpoints": "true"
                },
                "min_cpu_platform": "",
                "node_group": "",
                "oauth_scopes": [
                  "https://www.googleapis.com/auth/compute",
                  "https://www.googleapis.com/auth/devstorage.read_only",
                  "https://www.googleapis.com/auth/logging.write",
                  "https://www.googleapis.com/auth/monitoring",
                  "https://www.googleapis.com/auth/monitoring.write"
                ],
                "preemptible": true,
                "reservation_affinity": [],
                "resource_labels": {},
                "service_account": "instance-vm@aya-ibrahim79632.iam.gserviceaccount.com",
                "shielded_instance_config": [
                  {
                    "enable_integrity_monitoring": true,
                    "enable_secure_boot": false
                  }
                ],
                "spot": false,
                "tags": [],
                "taint": [],
                "workload_metadata_config": []
              }
            ],
            "node_locations": [],
            "node_pool": [
              {
                "autoscaling": [],
                "initial_node_count": 1,
                "instance_group_urls": [
                  "https://www.googleapis.com/compute/v1/projects/aya-ibrahim79632/zones/asia-east1-a/instanceGroupManagers/gke-my-gk-cluster-gk-worker-nodes-595e6e3c-grp"
                ],
                "managed_instance_group_urls": [
                  "https://www.googleapis.com/compute/v1/projects/aya-ibrahim79632/zones/asia-east1-a/instanceGroups/gke-my-gk-cluster-gk-worker-nodes-595e6e3c-grp"
                ],
                "management": [
                  {
                    "auto_repair": true,
                    "auto_upgrade": true
                  }
                ],
                "max_pods_per_node": 110,
                "name": "gk-worker-nodes",
                "name_prefix": "",
                "network_config": [
                  {
                    "create_pod_range": false,
                    "enable_private_nodes": false,
                    "pod_ipv4_cidr_block": "10.220.0.0/14",
                    "pod_range": "gke-my-gk-cluster-pods-5065cee1"
                  }
                ],
                "node_config": [
                  {
                    "boot_disk_kms_key": "",
                    "disk_size_gb": 100,
                    "disk_type": "pd-balanced",
                    "gcfs_config": [],
                    "guest_accelerator": [],
                    "gvnic": [],
                    "image_type": "COS_CONTAINERD",
                    "kubelet_config": [],
                    "labels": {},
                    "linux_node_config": [],
                    "local_ssd_count": 0,
                    "logging_variant": "DEFAULT",
                    "machine_type": "e2-medium",
                    "metadata": {
                      "disable-legacy-endpoints": "true"
                    },
                    "min_cpu_platform": "",
                    "node_group": "",
                    "oauth_scopes": [
                      "https://www.googleapis.com/auth/compute",
                      "https://www.googleapis.com/auth/devstorage.read_only",
                      "https://www.googleapis.com/auth/logging.write",
                      "https://www.googleapis.com/auth/monitoring",
                      "https://www.googleapis.com/auth/monitoring.write"
                    ],
                    "preemptible": true,
                    "reservation_affinity": [],
                    "resource_labels": {},
                    "service_account": "instance-vm@aya-ibrahim79632.iam.gserviceaccount.com",
                    "shielded_instance_config": [
                      {
                        "enable_integrity_monitoring": true,
                        "enable_secure_boot": false
                      }
                    ],
                    "spot": false,
                    "tags": [],
                    "taint": [],
                    "workload_metadata_config": []
                  }
                ],
                "node_count": 1,
                "node_locations": [
                  "asia-east1-a"
                ],
                "placement_policy": [],
                "upgrade_settings": [
                  {
                    "blue_green_settings": [],
                    "max_surge": 1,
                    "max_unavailable": 0,
                    "strategy": "SURGE"
                  }
                ],
                "version": "1.24.9-gke.2000"
              }
            ],
            "node_pool_defaults": [
              {
                "node_config_defaults": [
                  {
                    "logging_variant": "DEFAULT"
                  }
                ]
              }
            ],
            "node_version": "1.24.9-gke.2000",
            "notification_config": [
              {
                "pubsub": [
                  {
                    "enabled": false,
                    "filter": [],
                    "topic": ""
                  }
                ]
              }
            ],
            "operation": null,
            "private_cluster_config": [
              {
                "enable_private_endpoint": true,
                "enable_private_nodes": true,
                "master_global_access_config": [
                  {
                    "enabled": true
                  }
                ],
                "master_ipv4_cidr_block": "172.16.0.0/28",
                "peering_name": "gke-n0c37817f89053ba775b-06f5-cca7-peer",
                "private_endpoint": "172.16.0.2",
                "private_endpoint_subnetwork": "",
                "public_endpoint": "34.81.41.18"
              }
            ],
            "private_ipv6_google_access": "",
            "project": "aya-ibrahim79632",
            "release_channel": [
              {
                "channel": "REGULAR"
              }
            ],
            "remove_default_node_pool": true,
            "resource_labels": {},
            "resource_usage_export_config": [],
            "self_link": "https://container.googleapis.com/v1/projects/aya-ibrahim79632/zones/asia-east1-a/clusters/my-gk-cluster",
            "service_external_ips_config": [
              {
                "enabled": false
              }
            ],
            "services_ipv4_cidr": "10.224.0.0/20",
            "subnetwork": "projects/aya-ibrahim79632/regions/asia-east1/subnetworks/restricted-subnetwork",
            "timeouts": null,
            "tpu_ipv4_cidr_block": "",
            "vertical_pod_autoscaling": [],
            "workload_identity_config": []
          },
          "sensitive_attributes": [],
          "private": "eyJlMmJmYjczMC1lY2FhLTExZTYtOGY4OC0zNDM2M2JjN2M0YzAiOnsiY3JlYXRlIjoyNDAwMDAwMDAwMDAwLCJkZWxldGUiOjI0MDAwMDAwMDAwMDAsInJlYWQiOjI0MDAwMDAwMDAwMDAsInVwZGF0ZSI6MzYwMDAwMDAwMDAwMH0sInNjaGVtYV92ZXJzaW9uIjoiMSJ9",
          "dependencies": [
            "google_compute_network.vpc-google-network",
            "google_compute_subnetwork.restricted-subnetwork",
            "google_service_account.instance-vm"
          ]
        }
      ]
    },
    {
      "mode": "managed",
      "type": "google_project_service",
      "name": "compute",
      "provider": "provider[\"registry.terraform.io/hashicorp/google\"]",
      "instances": [
        {
          "schema_version": 0,
          "attributes": {
            "disable_dependent_services": null,
            "disable_on_destroy": true,
            "id": "aya-ibrahim79632/compute.googleapis.com",
            "project": "aya-ibrahim79632",
            "service": "compute.googleapis.com",
            "timeouts": null
          },
          "sensitive_attributes": [],
          "private": "eyJlMmJmYjczMC1lY2FhLTExZTYtOGY4OC0zNDM2M2JjN2M0YzAiOnsiY3JlYXRlIjoxMjAwMDAwMDAwMDAwLCJkZWxldGUiOjEyMDAwMDAwMDAwMDAsInJlYWQiOjYwMDAwMDAwMDAwMCwidXBkYXRlIjoxMjAwMDAwMDAwMDAwfX0="
        }
      ]
    },
    {
      "mode": "managed",
      "type": "google_service_account",
      "name": "instance-vm",
      "provider": "provider[\"registry.terraform.io/hashicorp/google\"]",
      "instances": [
        {
          "schema_version": 0,
          "attributes": {
            "account_id": "instance-vm",
            "description": "",
            "disabled": false,
            "display_name": "instance-vm",
            "email": "instance-vm@aya-ibrahim79632.iam.gserviceaccount.com",
            "id": "projects/aya-ibrahim79632/serviceAccounts/instance-vm@aya-ibrahim79632.iam.gserviceaccount.com",
            "member": "serviceAccount:instance-vm@aya-ibrahim79632.iam.gserviceaccount.com",
            "name": "projects/aya-ibrahim79632/serviceAccounts/instance-vm@aya-ibrahim79632.iam.gserviceaccount.com",
            "project": "aya-ibrahim79632",
            "timeouts": null,
            "unique_id": "105191705767021615106"
          },
          "sensitive_attributes": [],
          "private": "eyJlMmJmYjczMC1lY2FhLTExZTYtOGY4OC0zNDM2M2JjN2M0YzAiOnsiY3JlYXRlIjozMDAwMDAwMDAwMDB9fQ=="
        }
      ]
    }
  ],
  "check_results": null
}
